
Microsoft Visual Studio Solution File, Format Version 12.00
# Visual Studio Version 17
VisualStudioVersion = 17.7.34031.279
MinimumVisualStudioVersion = 10.0.40219.1
Project("{FAE04EC0-301F-11D3-BF4B-00C04F79EFBC}") = "Ranking", "Ranking\Ranking.csproj", "{C6497CED-FAAA-43E7-88A3-E5A39A01DFDF}"
EndProject
Global
	GlobalSection(SolutionConfigurationPlatforms) = preSolution
		Debug|Any CPU = Debug|Any CPU
		Release|Any CPU = Release|Any CPU
	EndGlobalSection
	GlobalSection(ProjectConfigurationPlatforms) = postSolution
		{C6497CED-FAAA-43E7-88A3-E5A39A01DFDF}.Debug|Any CPU.ActiveCfg = Debug|Any CPU
		{C6497CED-FAAA-43E7-88A3-E5A39A01DFDF}.Debug|Any CPU.Build.0 = Debug|Any CPU
		{C6497CED-FAAA-43E7-88A3-E5A39A01DFDF}.Release|Any CPU.ActiveCfg = Release|Any CPU
		{C6497CED-FAAA-43E7-88A3-E5A39A01DFDF}.Release|Any CPU.Build.0 = Release|Any CPU
	EndGlobalSection
	GlobalSection(SolutionProperties) = preSolution
		HideSolutionNode = FALSE
	EndGlobalSection
	GlobalSection(ExtensibilityGlobals) = postSolution
		SolutionGuid = {FF56A4E7-8867-440C-9917-F5A4A2319C39}
	EndGlobalSection
EndGlobal
